
Microsoft Visual Studio Solution File, Format Version 12.00
# Visual Studio 15
VisualStudioVersion = 15.0.28307.572
MinimumVisualStudioVersion = 10.0.40219.1
Project("{FAE04EC0-301F-11D3-BF4B-00C04F79EFBC}") = "LukaszDrozdzLab6Api", "LukaszDrozdzLab6Api\LukaszDrozdzLab6Api.csproj", "{09ECFDD3-D28D-4F62-B6CE-33EF6B82D687}"
EndProject
Global
	GlobalSection(SolutionConfigurationPlatforms) = preSolution
		Debug|Any CPU = Debug|Any CPU
		Release|Any CPU = Release|Any CPU
	EndGlobalSection
	GlobalSection(ProjectConfigurationPlatforms) = postSolution
		{09ECFDD3-D28D-4F62-B6CE-33EF6B82D687}.Debug|Any CPU.ActiveCfg = Debug|Any CPU
		{09ECFDD3-D28D-4F62-B6CE-33EF6B82D687}.Debug|Any CPU.Build.0 = Debug|Any CPU
		{09ECFDD3-D28D-4F62-B6CE-33EF6B82D687}.Release|Any CPU.ActiveCfg = Release|Any CPU
		{09ECFDD3-D28D-4F62-B6CE-33EF6B82D687}.Release|Any CPU.Build.0 = Release|Any CPU
	EndGlobalSection
	GlobalSection(SolutionProperties) = preSolution
		HideSolutionNode = FALSE
	EndGlobalSection
	GlobalSection(ExtensibilityGlobals) = postSolution
		SolutionGuid = {1BA26DFD-ED52-4201-BB93-F2568A33EB8B}
	EndGlobalSection
EndGlobal
