
Microsoft Visual Studio Solution File, Format Version 12.00
# Visual Studio 15
VisualStudioVersion = 15.0.28307.572
MinimumVisualStudioVersion = 10.0.40219.1
Project("{FAE04EC0-301F-11D3-BF4B-00C04F79EFBC}") = "LukaszDrozdzLab6Homework", "LukaszDrozdzLab6Homework\LukaszDrozdzLab6Homework.csproj", "{D05CD457-B500-49FC-A106-832D9560140D}"
EndProject
Global
	GlobalSection(SolutionConfigurationPlatforms) = preSolution
		Debug|Any CPU = Debug|Any CPU
		Release|Any CPU = Release|Any CPU
	EndGlobalSection
	GlobalSection(ProjectConfigurationPlatforms) = postSolution
		{D05CD457-B500-49FC-A106-832D9560140D}.Debug|Any CPU.ActiveCfg = Debug|Any CPU
		{D05CD457-B500-49FC-A106-832D9560140D}.Debug|Any CPU.Build.0 = Debug|Any CPU
		{D05CD457-B500-49FC-A106-832D9560140D}.Release|Any CPU.ActiveCfg = Release|Any CPU
		{D05CD457-B500-49FC-A106-832D9560140D}.Release|Any CPU.Build.0 = Release|Any CPU
	EndGlobalSection
	GlobalSection(SolutionProperties) = preSolution
		HideSolutionNode = FALSE
	EndGlobalSection
	GlobalSection(ExtensibilityGlobals) = postSolution
		SolutionGuid = {A882D956-60E8-4511-ABA6-A9C209D250A1}
	EndGlobalSection
EndGlobal
